// !$*UTF8*$!
{
	archiveVersion = 1;
	classes = {
	};
	objectVersion = 55;
	objects = {

/* Begin PBXBuildFile section */
		F2546E2E2736C24000510E8C /* MovieItemCell.swift in Sources */ = {isa = PBXBuildFile; fileRef = F2546E2D2736C24000510E8C /* MovieItemCell.swift */; };
		F2546E302736C96800510E8C /* HomeInteractor.swift in Sources */ = {isa = PBXBuildFile; fileRef = F2546E2F2736C96800510E8C /* HomeInteractor.swift */; };
		F2546E322736C9E200510E8C /* HomePresenter.swift in Sources */ = {isa = PBXBuildFile; fileRef = F2546E312736C9E200510E8C /* HomePresenter.swift */; };
		F2546E342736CA2200510E8C /* HomeRouter.swift in Sources */ = {isa = PBXBuildFile; fileRef = F2546E332736CA2200510E8C /* HomeRouter.swift */; };
		F2546E362736CA5F00510E8C /* HomeConfigurator.swift in Sources */ = {isa = PBXBuildFile; fileRef = F2546E352736CA5F00510E8C /* HomeConfigurator.swift */; };
		F2EAF3002735DF17000855B9 /* AppDelegate.swift in Sources */ = {isa = PBXBuildFile; fileRef = F2EAF2FF2735DF17000855B9 /* AppDelegate.swift */; };
		F2EAF3022735DF17000855B9 /* SceneDelegate.swift in Sources */ = {isa = PBXBuildFile; fileRef = F2EAF3012735DF17000855B9 /* SceneDelegate.swift */; };
		F2EAF3042735DF17000855B9 /* ViewController.swift in Sources */ = {isa = PBXBuildFile; fileRef = F2EAF3032735DF17000855B9 /* ViewController.swift */; };
		F2EAF3072735DF17000855B9 /* Main.storyboard in Resources */ = {isa = PBXBuildFile; fileRef = F2EAF3052735DF17000855B9 /* Main.storyboard */; };
		F2EAF3092735DF18000855B9 /* Assets.xcassets in Resources */ = {isa = PBXBuildFile; fileRef = F2EAF3082735DF18000855B9 /* Assets.xcassets */; };
		F2EAF30C2735DF18000855B9 /* LaunchScreen.storyboard in Resources */ = {isa = PBXBuildFile; fileRef = F2EAF30A2735DF18000855B9 /* LaunchScreen.storyboard */; };
		F2EAF3172735DF18000855B9 /* MovieListTests.swift in Sources */ = {isa = PBXBuildFile; fileRef = F2EAF3162735DF18000855B9 /* MovieListTests.swift */; };
		F2EAF3212735DF18000855B9 /* MovieListUITests.swift in Sources */ = {isa = PBXBuildFile; fileRef = F2EAF3202735DF18000855B9 /* MovieListUITests.swift */; };
		F2EAF3232735DF18000855B9 /* MovieListUITestsLaunchTests.swift in Sources */ = {isa = PBXBuildFile; fileRef = F2EAF3222735DF18000855B9 /* MovieListUITestsLaunchTests.swift */; };
		F2EAF3322735E0B4000855B9 /* HomeViewController.swift in Sources */ = {isa = PBXBuildFile; fileRef = F2EAF3312735E0B4000855B9 /* HomeViewController.swift */; };
		F2EAF3342735E133000855B9 /* HomeView.swift in Sources */ = {isa = PBXBuildFile; fileRef = F2EAF3332735E133000855B9 /* HomeView.swift */; };
/* End PBXBuildFile section */

/* Begin PBXContainerItemProxy section */
		F2EAF3132735DF18000855B9 /* PBXContainerItemProxy */ = {
			isa = PBXContainerItemProxy;
			containerPortal = F2EAF2F42735DF17000855B9 /* Project object */;
			proxyType = 1;
			remoteGlobalIDString = F2EAF2FB2735DF17000855B9;
			remoteInfo = MovieList;
		};
		F2EAF31D2735DF18000855B9 /* PBXContainerItemProxy */ = {
			isa = PBXContainerItemProxy;
			containerPortal = F2EAF2F42735DF17000855B9 /* Project object */;
			proxyType = 1;
			remoteGlobalIDString = F2EAF2FB2735DF17000855B9;
			remoteInfo = MovieList;
		};
/* End PBXContainerItemProxy section */

/* Begin PBXFileReference section */
		F2546E2D2736C24000510E8C /* MovieItemCell.swift */ = {isa = PBXFileReference; lastKnownFileType = sourcecode.swift; path = MovieItemCell.swift; sourceTree = "<group>"; };
		F2546E2F2736C96800510E8C /* HomeInteractor.swift */ = {isa = PBXFileReference; lastKnownFileType = sourcecode.swift; path = HomeInteractor.swift; sourceTree = "<group>"; };
		F2546E312736C9E200510E8C /* HomePresenter.swift */ = {isa = PBXFileReference; lastKnownFileType = sourcecode.swift; path = HomePresenter.swift; sourceTree = "<group>"; };
		F2546E332736CA2200510E8C /* HomeRouter.swift */ = {isa = PBXFileReference; lastKnownFileType = sourcecode.swift; path = HomeRouter.swift; sourceTree = "<group>"; };
		F2546E352736CA5F00510E8C /* HomeConfigurator.swift */ = {isa = PBXFileReference; lastKnownFileType = sourcecode.swift; path = HomeConfigurator.swift; sourceTree = "<group>"; };
		F2EAF2FC2735DF17000855B9 /* MovieList.app */ = {isa = PBXFileReference; explicitFileType = wrapper.application; includeInIndex = 0; path = MovieList.app; sourceTree = BUILT_PRODUCTS_DIR; };
		F2EAF2FF2735DF17000855B9 /* AppDelegate.swift */ = {isa = PBXFileReference; lastKnownFileType = sourcecode.swift; path = AppDelegate.swift; sourceTree = "<group>"; };
		F2EAF3012735DF17000855B9 /* SceneDelegate.swift */ = {isa = PBXFileReference; lastKnownFileType = sourcecode.swift; path = SceneDelegate.swift; sourceTree = "<group>"; };
		F2EAF3032735DF17000855B9 /* ViewController.swift */ = {isa = PBXFileReference; lastKnownFileType = sourcecode.swift; path = ViewController.swift; sourceTree = "<group>"; };
		F2EAF3062735DF17000855B9 /* Base */ = {isa = PBXFileReference; lastKnownFileType = file.storyboard; name = Base; path = Base.lproj/Main.storyboard; sourceTree = "<group>"; };
		F2EAF3082735DF18000855B9 /* Assets.xcassets */ = {isa = PBXFileReference; lastKnownFileType = folder.assetcatalog; path = Assets.xcassets; sourceTree = "<group>"; };
		F2EAF30B2735DF18000855B9 /* Base */ = {isa = PBXFileReference; lastKnownFileType = file.storyboard; name = Base; path = Base.lproj/LaunchScreen.storyboard; sourceTree = "<group>"; };
		F2EAF30D2735DF18000855B9 /* Info.plist */ = {isa = PBXFileReference; lastKnownFileType = text.plist.xml; path = Info.plist; sourceTree = "<group>"; };
		F2EAF3122735DF18000855B9 /* MovieListTests.xctest */ = {isa = PBXFileReference; explicitFileType = wrapper.cfbundle; includeInIndex = 0; path = MovieListTests.xctest; sourceTree = BUILT_PRODUCTS_DIR; };
		F2EAF3162735DF18000855B9 /* MovieListTests.swift */ = {isa = PBXFileReference; lastKnownFileType = sourcecode.swift; path = MovieListTests.swift; sourceTree = "<group>"; };
		F2EAF31C2735DF18000855B9 /* MovieListUITests.xctest */ = {isa = PBXFileReference; explicitFileType = wrapper.cfbundle; includeInIndex = 0; path = MovieListUITests.xctest; sourceTree = BUILT_PRODUCTS_DIR; };
		F2EAF3202735DF18000855B9 /* MovieListUITests.swift */ = {isa = PBXFileReference; lastKnownFileType = sourcecode.swift; path = MovieListUITests.swift; sourceTree = "<group>"; };
		F2EAF3222735DF18000855B9 /* MovieListUITestsLaunchTests.swift */ = {isa = PBXFileReference; lastKnownFileType = sourcecode.swift; path = MovieListUITestsLaunchTests.swift; sourceTree = "<group>"; };
		F2EAF3312735E0B4000855B9 /* HomeViewController.swift */ = {isa = PBXFileReference; lastKnownFileType = sourcecode.swift; path = HomeViewController.swift; sourceTree = "<group>"; };
		F2EAF3332735E133000855B9 /* HomeView.swift */ = {isa = PBXFileReference; lastKnownFileType = sourcecode.swift; path = HomeView.swift; sourceTree = "<group>"; };
/* End PBXFileReference section */

/* Begin PBXFrameworksBuildPhase section */
		F2EAF2F92735DF17000855B9 /* Frameworks */ = {
			isa = PBXFrameworksBuildPhase;
			buildActionMask = 2147483647;
			files = (
			);
			runOnlyForDeploymentPostprocessing = 0;
		};
		F2EAF30F2735DF18000855B9 /* Frameworks */ = {
			isa = PBXFrameworksBuildPhase;
			buildActionMask = 2147483647;
			files = (
			);
			runOnlyForDeploymentPostprocessing = 0;
		};
		F2EAF3192735DF18000855B9 /* Frameworks */ = {
			isa = PBXFrameworksBuildPhase;
			buildActionMask = 2147483647;
			files = (
			);
			runOnlyForDeploymentPostprocessing = 0;
		};
/* End PBXFrameworksBuildPhase section */

/* Begin PBXGroup section */
		F2EAF2F32735DF17000855B9 = {
			isa = PBXGroup;
			children = (
				F2EAF32F2735E05A000855B9 /* Scenes */,
				F2EAF2FE2735DF17000855B9 /* MovieList */,
				F2EAF3152735DF18000855B9 /* MovieListTests */,
				F2EAF31F2735DF18000855B9 /* MovieListUITests */,
				F2EAF2FD2735DF17000855B9 /* Products */,
			);
			sourceTree = "<group>";
		};
		F2EAF2FD2735DF17000855B9 /* Products */ = {
			isa = PBXGroup;
			children = (
				F2EAF2FC2735DF17000855B9 /* MovieList.app */,
				F2EAF3122735DF18000855B9 /* MovieListTests.xctest */,
				F2EAF31C2735DF18000855B9 /* MovieListUITests.xctest */,
			);
			name = Products;
			sourceTree = "<group>";
		};
		F2EAF2FE2735DF17000855B9 /* MovieList */ = {
			isa = PBXGroup;
			children = (
				F2EAF2FF2735DF17000855B9 /* AppDelegate.swift */,
				F2EAF3012735DF17000855B9 /* SceneDelegate.swift */,
				F2EAF3032735DF17000855B9 /* ViewController.swift */,
				F2EAF3052735DF17000855B9 /* Main.storyboard */,
				F2EAF3082735DF18000855B9 /* Assets.xcassets */,
				F2EAF30A2735DF18000855B9 /* LaunchScreen.storyboard */,
				F2EAF30D2735DF18000855B9 /* Info.plist */,
			);
			path = MovieList;
			sourceTree = "<group>";
		};
		F2EAF3152735DF18000855B9 /* MovieListTests */ = {
			isa = PBXGroup;
			children = (
				F2EAF3162735DF18000855B9 /* MovieListTests.swift */,
			);
			path = MovieListTests;
			sourceTree = "<group>";
		};
		F2EAF31F2735DF18000855B9 /* MovieListUITests */ = {
			isa = PBXGroup;
			children = (
				F2EAF3202735DF18000855B9 /* MovieListUITests.swift */,
				F2EAF3222735DF18000855B9 /* MovieListUITestsLaunchTests.swift */,
			);
			path = MovieListUITests;
			sourceTree = "<group>";
		};
		F2EAF32F2735E05A000855B9 /* Scenes */ = {
			isa = PBXGroup;
			children = (
				F2EAF3302735E06C000855B9 /* Home */,
			);
			path = Scenes;
			sourceTree = "<group>";
		};
		F2EAF3302735E06C000855B9 /* Home */ = {
			isa = PBXGroup;
			children = (
				F2EAF3312735E0B4000855B9 /* HomeViewController.swift */,
				F2EAF3332735E133000855B9 /* HomeView.swift */,
				F2546E2D2736C24000510E8C /* MovieItemCell.swift */,
				F2546E2F2736C96800510E8C /* HomeInteractor.swift */,
				F2546E312736C9E200510E8C /* HomePresenter.swift */,
				F2546E332736CA2200510E8C /* HomeRouter.swift */,
				F2546E352736CA5F00510E8C /* HomeConfigurator.swift */,
			);
			path = Home;
			sourceTree = "<group>";
		};
/* End PBXGroup section */

/* Begin PBXNativeTarget section */
		F2EAF2FB2735DF17000855B9 /* MovieList */ = {
			isa = PBXNativeTarget;
			buildConfigurationList = F2EAF3262735DF18000855B9 /* Build configuration list for PBXNativeTarget "MovieList" */;
			buildPhases = (
				F2EAF2F82735DF17000855B9 /* Sources */,
				F2EAF2F92735DF17000855B9 /* Frameworks */,
				F2EAF2FA2735DF17000855B9 /* Resources */,
			);
			buildRules = (
			);
			dependencies = (
			);
			name = MovieList;
			productName = MovieList;
			productReference = F2EAF2FC2735DF17000855B9 /* MovieList.app */;
			productType = "com.apple.product-type.application";
		};
		F2EAF3112735DF18000855B9 /* MovieListTests */ = {
			isa = PBXNativeTarget;
			buildConfigurationList = F2EAF3292735DF18000855B9 /* Build configuration list for PBXNativeTarget "MovieListTests" */;
			buildPhases = (
				F2EAF30E2735DF18000855B9 /* Sources */,
				F2EAF30F2735DF18000855B9 /* Frameworks */,
				F2EAF3102735DF18000855B9 /* Resources */,
			);
			buildRules = (
			);
			dependencies = (
				F2EAF3142735DF18000855B9 /* PBXTargetDependency */,
			);
			name = MovieListTests;
			productName = MovieListTests;
			productReference = F2EAF3122735DF18000855B9 /* MovieListTests.xctest */;
			productType = "com.apple.product-type.bundle.unit-test";
		};
		F2EAF31B2735DF18000855B9 /* MovieListUITests */ = {
			isa = PBXNativeTarget;
			buildConfigurationList = F2EAF32C2735DF18000855B9 /* Build configuration list for PBXNativeTarget "MovieListUITests" */;
			buildPhases = (
				F2EAF3182735DF18000855B9 /* Sources */,
				F2EAF3192735DF18000855B9 /* Frameworks */,
				F2EAF31A2735DF18000855B9 /* Resources */,
			);
			buildRules = (
			);
			dependencies = (
				F2EAF31E2735DF18000855B9 /* PBXTargetDependency */,
			);
			name = MovieListUITests;
			productName = MovieListUITests;
			productReference = F2EAF31C2735DF18000855B9 /* MovieListUITests.xctest */;
			productType = "com.apple.product-type.bundle.ui-testing";
		};
/* End PBXNativeTarget section */

/* Begin PBXProject section */
		F2EAF2F42735DF17000855B9 /* Project object */ = {
			isa = PBXProject;
			attributes = {
				BuildIndependentTargetsInParallel = 1;
				LastSwiftUpdateCheck = 1310;
				LastUpgradeCheck = 1310;
				TargetAttributes = {
					F2EAF2FB2735DF17000855B9 = {
						CreatedOnToolsVersion = 13.1;
					};
					F2EAF3112735DF18000855B9 = {
						CreatedOnToolsVersion = 13.1;
						TestTargetID = F2EAF2FB2735DF17000855B9;
					};
					F2EAF31B2735DF18000855B9 = {
						CreatedOnToolsVersion = 13.1;
						TestTargetID = F2EAF2FB2735DF17000855B9;
					};
				};
			};
			buildConfigurationList = F2EAF2F72735DF17000855B9 /* Build configuration list for PBXProject "MovieList" */;
			compatibilityVersion = "Xcode 13.0";
			developmentRegion = en;
			hasScannedForEncodings = 0;
			knownRegions = (
				en,
				Base,
			);
			mainGroup = F2EAF2F32735DF17000855B9;
			productRefGroup = F2EAF2FD2735DF17000855B9 /* Products */;
			projectDirPath = "";
			projectRoot = "";
			targets = (
				F2EAF2FB2735DF17000855B9 /* MovieList */,
				F2EAF3112735DF18000855B9 /* MovieListTests */,
				F2EAF31B2735DF18000855B9 /* MovieListUITests */,
			);
		};
/* End PBXProject section */

/* Begin PBXResourcesBuildPhase section */
		F2EAF2FA2735DF17000855B9 /* Resources */ = {
			isa = PBXResourcesBuildPhase;
			buildActionMask = 2147483647;
			files = (
				F2EAF30C2735DF18000855B9 /* LaunchScreen.storyboard in Resources */,
				F2EAF3092735DF18000855B9 /* Assets.xcassets in Resources */,
				F2EAF3072735DF17000855B9 /* Main.storyboard in Resources */,
			);
			runOnlyForDeploymentPostprocessing = 0;
		};
		F2EAF3102735DF18000855B9 /* Resources */ = {
			isa = PBXResourcesBuildPhase;
			buildActionMask = 2147483647;
			files = (
			);
			runOnlyForDeploymentPostprocessing = 0;
		};
		F2EAF31A2735DF18000855B9 /* Resources */ = {
			isa = PBXResourcesBuildPhase;
			buildActionMask = 2147483647;
			files = (
			);
			runOnlyForDeploymentPostprocessing = 0;
		};
/* End PBXResourcesBuildPhase section */

/* Begin PBXSourcesBuildPhase section */
		F2EAF2F82735DF17000855B9 /* Sources */ = {
			isa = PBXSourcesBuildPhase;
			buildActionMask = 2147483647;
			files = (
				F2EAF3042735DF17000855B9 /* ViewController.swift in Sources */,
				F2EAF3002735DF17000855B9 /* AppDelegate.swift in Sources */,
				F2EAF3022735DF17000855B9 /* SceneDelegate.swift in Sources */,
				F2546E2E2736C24000510E8C /* MovieItemCell.swift in Sources */,
				F2EAF3342735E133000855B9 /* HomeView.swift in Sources */,
				F2EAF3322735E0B4000855B9 /* HomeViewController.swift in Sources */,
				F2546E302736C96800510E8C /* HomeInteractor.swift in Sources */,
				F2546E342736CA2200510E8C /* HomeRouter.swift in Sources */,
				F2546E322736C9E200510E8C /* HomePresenter.swift in Sources */,
				F2546E362736CA5F00510E8C /* HomeConfigurator.swift in Sources */,
			);
			runOnlyForDeploymentPostprocessing = 0;
		};
		F2EAF30E2735DF18000855B9 /* Sources */ = {
			isa = PBXSourcesBuildPhase;
			buildActionMask = 2147483647;
			files = (
				F2EAF3172735DF18000855B9 /* MovieListTests.swift in Sources */,
			);
			runOnlyForDeploymentPostprocessing = 0;
		};
		F2EAF3182735DF18000855B9 /* Sources */ = {
			isa = PBXSourcesBuildPhase;
			buildActionMask = 2147483647;
			files = (
				F2EAF3212735DF18000855B9 /* MovieListUITests.swift in Sources */,
				F2EAF3232735DF18000855B9 /* MovieListUITestsLaunchTests.swift in Sources */,
			);
			runOnlyForDeploymentPostprocessing = 0;
		};
/* End PBXSourcesBuildPhase section */

/* Begin PBXTargetDependency section */
		F2EAF3142735DF18000855B9 /* PBXTargetDependency */ = {
			isa = PBXTargetDependency;
			target = F2EAF2FB2735DF17000855B9 /* MovieList */;
			targetProxy = F2EAF3132735DF18000855B9 /* PBXContainerItemProxy */;
		};
		F2EAF31E2735DF18000855B9 /* PBXTargetDependency */ = {
			isa = PBXTargetDependency;
			target = F2EAF2FB2735DF17000855B9 /* MovieList */;
			targetProxy = F2EAF31D2735DF18000855B9 /* PBXContainerItemProxy */;
		};
/* End PBXTargetDependency section */

/* Begin PBXVariantGroup section */
		F2EAF3052735DF17000855B9 /* Main.storyboard */ = {
			isa = PBXVariantGroup;
			children = (
				F2EAF3062735DF17000855B9 /* Base */,
			);
			name = Main.storyboard;
			sourceTree = "<group>";
		};
		F2EAF30A2735DF18000855B9 /* LaunchScreen.storyboard */ = {
			isa = PBXVariantGroup;
			children = (
				F2EAF30B2735DF18000855B9 /* Base */,
			);
			name = LaunchScreen.storyboard;
			sourceTree = "<group>";
		};
/* End PBXVariantGroup section */

/* Begin XCBuildConfiguration section */
		F2EAF3242735DF18000855B9 /* Debug */ = {
			isa = XCBuildConfiguration;
			buildSettings = {
				ALWAYS_SEARCH_USER_PATHS = NO;
				CLANG_ANALYZER_NONNULL = YES;
				CLANG_ANALYZER_NUMBER_OBJECT_CONVERSION = YES_AGGRESSIVE;
				CLANG_CXX_LANGUAGE_STANDARD = "gnu++17";
				CLANG_CXX_LIBRARY = "libc++";
				CLANG_ENABLE_MODULES = YES;
				CLANG_ENABLE_OBJC_ARC = YES;
				CLANG_ENABLE_OBJC_WEAK = YES;
				CLANG_WARN_BLOCK_CAPTURE_AUTORELEASING = YES;
				CLANG_WARN_BOOL_CONVERSION = YES;
				CLANG_WARN_COMMA = YES;
				CLANG_WARN_CONSTANT_CONVERSION = YES;
				CLANG_WARN_DEPRECATED_OBJC_IMPLEMENTATIONS = YES;
				CLANG_WARN_DIRECT_OBJC_ISA_USAGE = YES_ERROR;
				CLANG_WARN_DOCUMENTATION_COMMENTS = YES;
				CLANG_WARN_EMPTY_BODY = YES;
				CLANG_WARN_ENUM_CONVERSION = YES;
				CLANG_WARN_INFINITE_RECURSION = YES;
				CLANG_WARN_INT_CONVERSION = YES;
				CLANG_WARN_NON_LITERAL_NULL_CONVERSION = YES;
				CLANG_WARN_OBJC_IMPLICIT_RETAIN_SELF = YES;
				CLANG_WARN_OBJC_LITERAL_CONVERSION = YES;
				CLANG_WARN_OBJC_ROOT_CLASS = YES_ERROR;
				CLANG_WARN_QUOTED_INCLUDE_IN_FRAMEWORK_HEADER = YES;
				CLANG_WARN_RANGE_LOOP_ANALYSIS = YES;
				CLANG_WARN_STRICT_PROTOTYPES = YES;
				CLANG_WARN_SUSPICIOUS_MOVE = YES;
				CLANG_WARN_UNGUARDED_AVAILABILITY = YES_AGGRESSIVE;
				CLANG_WARN_UNREACHABLE_CODE = YES;
				CLANG_WARN__DUPLICATE_METHOD_MATCH = YES;
				COPY_PHASE_STRIP = NO;
				DEBUG_INFORMATION_FORMAT = dwarf;
				ENABLE_STRICT_OBJC_MSGSEND = YES;
				ENABLE_TESTABILITY = YES;
				GCC_C_LANGUAGE_STANDARD = gnu11;
				GCC_DYNAMIC_NO_PIC = NO;
				GCC_NO_COMMON_BLOCKS = YES;
				GCC_OPTIMIZATION_LEVEL = 0;
				GCC_PREPROCESSOR_DEFINITIONS = (
					"DEBUG=1",
					"$(inherited)",
				);
				GCC_WARN_64_TO_32_BIT_CONVERSION = YES;
				GCC_WARN_ABOUT_RETURN_TYPE = YES_ERROR;
				GCC_WARN_UNDECLARED_SELECTOR = YES;
				GCC_WARN_UNINITIALIZED_AUTOS = YES_AGGRESSIVE;
				GCC_WARN_UNUSED_FUNCTION = YES;
				GCC_WARN_UNUSED_VARIABLE = YES;
				IPHONEOS_DEPLOYMENT_TARGET = 15.0;
				MTL_ENABLE_DEBUG_INFO = INCLUDE_SOURCE;
				MTL_FAST_MATH = YES;
				ONLY_ACTIVE_ARCH = YES;
				SDKROOT = iphoneos;
				SWIFT_ACTIVE_COMPILATION_CONDITIONS = DEBUG;
				SWIFT_OPTIMIZATION_LEVEL = "-Onone";
			};
			name = Debug;
		};
		F2EAF3252735DF18000855B9 /* Release */ = {
			isa = XCBuildConfiguration;
			buildSettings = {
				ALWAYS_SEARCH_USER_PATHS = NO;
				CLANG_ANALYZER_NONNULL = YES;
				CLANG_ANALYZER_NUMBER_OBJECT_CONVERSION = YES_AGGRESSIVE;
				CLANG_CXX_LANGUAGE_STANDARD = "gnu++17";
				CLANG_CXX_LIBRARY = "libc++";
				CLANG_ENABLE_MODULES = YES;
				CLANG_ENABLE_OBJC_ARC = YES;
				CLANG_ENABLE_OBJC_WEAK = YES;
				CLANG_WARN_BLOCK_CAPTURE_AUTORELEASING = YES;
				CLANG_WARN_BOOL_CONVERSION = YES;
				CLANG_WARN_COMMA = YES;
				CLANG_WARN_CONSTANT_CONVERSION = YES;
				CLANG_WARN_DEPRECATED_OBJC_IMPLEMENTATIONS = YES;
				CLANG_WARN_DIRECT_OBJC_ISA_USAGE = YES_ERROR;
				CLANG_WARN_DOCUMENTATION_COMMENTS = YES;
				CLANG_WARN_EMPTY_BODY = YES;
				CLANG_WARN_ENUM_CONVERSION = YES;
				CLANG_WARN_INFINITE_RECURSION = YES;
				CLANG_WARN_INT_CONVERSION = YES;
				CLANG_WARN_NON_LITERAL_NULL_CONVERSION = YES;
				CLANG_WARN_OBJC_IMPLICIT_RETAIN_SELF = YES;
				CLANG_WARN_OBJC_LITERAL_CONVERSION = YES;
				CLANG_WARN_OBJC_ROOT_CLASS = YES_ERROR;
				CLANG_WARN_QUOTED_INCLUDE_IN_FRAMEWORK_HEADER = YES;
				CLANG_WARN_RANGE_LOOP_ANALYSIS = YES;
				CLANG_WARN_STRICT_PROTOTYPES = YES;
				CLANG_WARN_SUSPICIOUS_MOVE = YES;
				CLANG_WARN_UNGUARDED_AVAILABILITY = YES_AGGRESSIVE;
				CLANG_WARN_UNREACHABLE_CODE = YES;
				CLANG_WARN__DUPLICATE_METHOD_MATCH = YES;
				COPY_PHASE_STRIP = NO;
				DEBUG_INFORMATION_FORMAT = "dwarf-with-dsym";
				ENABLE_NS_ASSERTIONS = NO;
				ENABLE_STRICT_OBJC_MSGSEND = YES;
				GCC_C_LANGUAGE_STANDARD = gnu11;
				GCC_NO_COMMON_BLOCKS = YES;
				GCC_WARN_64_TO_32_BIT_CONVERSION = YES;
				GCC_WARN_ABOUT_RETURN_TYPE = YES_ERROR;
				GCC_WARN_UNDECLARED_SELECTOR = YES;
				GCC_WARN_UNINITIALIZED_AUTOS = YES_AGGRESSIVE;
				GCC_WARN_UNUSED_FUNCTION = YES;
				GCC_WARN_UNUSED_VARIABLE = YES;
				IPHONEOS_DEPLOYMENT_TARGET = 15.0;
				MTL_ENABLE_DEBUG_INFO = NO;
				MTL_FAST_MATH = YES;
				SDKROOT = iphoneos;
				SWIFT_COMPILATION_MODE = wholemodule;
				SWIFT_OPTIMIZATION_LEVEL = "-O";
				VALIDATE_PRODUCT = YES;
			};
			name = Release;
		};
		F2EAF3272735DF18000855B9 /* Debug */ = {
			isa = XCBuildConfiguration;
			buildSettings = {
				ASSETCATALOG_COMPILER_APPICON_NAME = AppIcon;
				ASSETCATALOG_COMPILER_GLOBAL_ACCENT_COLOR_NAME = AccentColor;
				CODE_SIGN_STYLE = Automatic;
				CURRENT_PROJECT_VERSION = 1;
				DEVELOPMENT_TEAM = 3AM876BCDB;
				GENERATE_INFOPLIST_FILE = YES;
				INFOPLIST_FILE = MovieList/Info.plist;
				INFOPLIST_KEY_UIApplicationSupportsIndirectInputEvents = YES;
				INFOPLIST_KEY_UILaunchStoryboardName = LaunchScreen;
				INFOPLIST_KEY_UIMainStoryboardFile = Main;
				INFOPLIST_KEY_UISupportedInterfaceOrientations_iPad = "UIInterfaceOrientationPortrait UIInterfaceOrientationPortraitUpsideDown UIInterfaceOrientationLandscapeLeft UIInterfaceOrientationLandscapeRight";
				INFOPLIST_KEY_UISupportedInterfaceOrientations_iPhone = "UIInterfaceOrientationPortrait UIInterfaceOrientationLandscapeLeft UIInterfaceOrientationLandscapeRight";
				LD_RUNPATH_SEARCH_PATHS = (
					"$(inherited)",
					"@executable_path/Frameworks",
				);
				MARKETING_VERSION = 1.0;
				PRODUCT_BUNDLE_IDENTIFIER = "douglasfers-icloud.com.MovieList";
				PRODUCT_NAME = "$(TARGET_NAME)";
				SWIFT_EMIT_LOC_STRINGS = YES;
				SWIFT_VERSION = 5.0;
				TARGETED_DEVICE_FAMILY = "1,2";
			};
			name = Debug;
		};
		F2EAF3282735DF18000855B9 /* Release */ = {
			isa = XCBuildConfiguration;
			buildSettings = {
				ASSETCATALOG_COMPILER_APPICON_NAME = AppIcon;
				ASSETCATALOG_COMPILER_GLOBAL_ACCENT_COLOR_NAME = AccentColor;
				CODE_SIGN_STYLE = Automatic;
				CURRENT_PROJECT_VERSION = 1;
				DEVELOPMENT_TEAM = 3AM876BCDB;
				GENERATE_INFOPLIST_FILE = YES;
				INFOPLIST_FILE = MovieList/Info.plist;
				INFOPLIST_KEY_UIApplicationSupportsIndirectInputEvents = YES;
				INFOPLIST_KEY_UILaunchStoryboardName = LaunchScreen;
				INFOPLIST_KEY_UIMainStoryboardFile = Main;
				INFOPLIST_KEY_UISupportedInterfaceOrientations_iPad = "UIInterfaceOrientationPortrait UIInterfaceOrientationPortraitUpsideDown UIInterfaceOrientationLandscapeLeft UIInterfaceOrientationLandscapeRight";
				INFOPLIST_KEY_UISupportedInterfaceOrientations_iPhone = "UIInterfaceOrientationPortrait UIInterfaceOrientationLandscapeLeft UIInterfaceOrientationLandscapeRight";
				LD_RUNPATH_SEARCH_PATHS = (
					"$(inherited)",
					"@executable_path/Frameworks",
				);
				MARKETING_VERSION = 1.0;
				PRODUCT_BUNDLE_IDENTIFIER = "douglasfers-icloud.com.MovieList";
				PRODUCT_NAME = "$(TARGET_NAME)";
				SWIFT_EMIT_LOC_STRINGS = YES;
				SWIFT_VERSION = 5.0;
				TARGETED_DEVICE_FAMILY = "1,2";
			};
			name = Release;
		};
		F2EAF32A2735DF18000855B9 /* Debug */ = {
			isa = XCBuildConfiguration;
			buildSettings = {
				ALWAYS_EMBED_SWIFT_STANDARD_LIBRARIES = YES;
				BUNDLE_LOADER = "$(TEST_HOST)";
				CODE_SIGN_STYLE = Automatic;
				CURRENT_PROJECT_VERSION = 1;
				DEVELOPMENT_TEAM = 3AM876BCDB;
				GENERATE_INFOPLIST_FILE = YES;
				IPHONEOS_DEPLOYMENT_TARGET = 15.0;
				LD_RUNPATH_SEARCH_PATHS = (
					"$(inherited)",
					"@executable_path/Frameworks",
					"@loader_path/Frameworks",
				);
				MARKETING_VERSION = 1.0;
				PRODUCT_BUNDLE_IDENTIFIER = "douglasfers-icloud.com.MovieListTests";
				PRODUCT_NAME = "$(TARGET_NAME)";
				SWIFT_EMIT_LOC_STRINGS = NO;
				SWIFT_VERSION = 5.0;
				TARGETED_DEVICE_FAMILY = "1,2";
				TEST_HOST = "$(BUILT_PRODUCTS_DIR)/MovieList.app/MovieList";
			};
			name = Debug;
		};
		F2EAF32B2735DF18000855B9 /* Release */ = {
			isa = XCBuildConfiguration;
			buildSettings = {
				ALWAYS_EMBED_SWIFT_STANDARD_LIBRARIES = YES;
				BUNDLE_LOADER = "$(TEST_HOST)";
				CODE_SIGN_STYLE = Automatic;
				CURRENT_PROJECT_VERSION = 1;
				DEVELOPMENT_TEAM = 3AM876BCDB;
				GENERATE_INFOPLIST_FILE = YES;
				IPHONEOS_DEPLOYMENT_TARGET = 15.0;
				LD_RUNPATH_SEARCH_PATHS = (
					"$(inherited)",
					"@executable_path/Frameworks",
					"@loader_path/Frameworks",
				);
				MARKETING_VERSION = 1.0;
				PRODUCT_BUNDLE_IDENTIFIER = "douglasfers-icloud.com.MovieListTests";
				PRODUCT_NAME = "$(TARGET_NAME)";
				SWIFT_EMIT_LOC_STRINGS = NO;
				SWIFT_VERSION = 5.0;
				TARGETED_DEVICE_FAMILY = "1,2";
				TEST_HOST = "$(BUILT_PRODUCTS_DIR)/MovieList.app/MovieList";
			};
			name = Release;
		};
		F2EAF32D2735DF18000855B9 /* Debug */ = {
			isa = XCBuildConfiguration;
			buildSettings = {
				ALWAYS_EMBED_SWIFT_STANDARD_LIBRARIES = YES;
				CODE_SIGN_STYLE = Automatic;
				CURRENT_PROJECT_VERSION = 1;
				DEVELOPMENT_TEAM = 3AM876BCDB;
				GENERATE_INFOPLIST_FILE = YES;
				LD_RUNPATH_SEARCH_PATHS = (
					"$(inherited)",
					"@executable_path/Frameworks",
					"@loader_path/Frameworks",
				);
				MARKETING_VERSION = 1.0;
				PRODUCT_BUNDLE_IDENTIFIER = "douglasfers-icloud.com.MovieListUITests";
				PRODUCT_NAME = "$(TARGET_NAME)";
				SWIFT_EMIT_LOC_STRINGS = NO;
				SWIFT_VERSION = 5.0;
				TARGETED_DEVICE_FAMILY = "1,2";
				TEST_TARGET_NAME = MovieList;
			};
			name = Debug;
		};
		F2EAF32E2735DF18000855B9 /* Release */ = {
			isa = XCBuildConfiguration;
			buildSettings = {
				ALWAYS_EMBED_SWIFT_STANDARD_LIBRARIES = YES;
				CODE_SIGN_STYLE = Automatic;
				CURRENT_PROJECT_VERSION = 1;
				DEVELOPMENT_TEAM = 3AM876BCDB;
				GENERATE_INFOPLIST_FILE = YES;
				LD_RUNPATH_SEARCH_PATHS = (
					"$(inherited)",
					"@executable_path/Frameworks",
					"@loader_path/Frameworks",
				);
				MARKETING_VERSION = 1.0;
				PRODUCT_BUNDLE_IDENTIFIER = "douglasfers-icloud.com.MovieListUITests";
				PRODUCT_NAME = "$(TARGET_NAME)";
				SWIFT_EMIT_LOC_STRINGS = NO;
				SWIFT_VERSION = 5.0;
				TARGETED_DEVICE_FAMILY = "1,2";
				TEST_TARGET_NAME = MovieList;
			};
			name = Release;
		};
/* End XCBuildConfiguration section */

/* Begin XCConfigurationList section */
		F2EAF2F72735DF17000855B9 /* Build configuration list for PBXProject "MovieList" */ = {
			isa = XCConfigurationList;
			buildConfigurations = (
				F2EAF3242735DF18000855B9 /* Debug */,
				F2EAF3252735DF18000855B9 /* Release */,
			);
			defaultConfigurationIsVisible = 0;
			defaultConfigurationName = Release;
		};
		F2EAF3262735DF18000855B9 /* Build configuration list for PBXNativeTarget "MovieList" */ = {
			isa = XCConfigurationList;
			buildConfigurations = (
				F2EAF3272735DF18000855B9 /* Debug */,
				F2EAF3282735DF18000855B9 /* Release */,
			);
			defaultConfigurationIsVisible = 0;
			defaultConfigurationName = Release;
		};
		F2EAF3292735DF18000855B9 /* Build configuration list for PBXNativeTarget "MovieListTests" */ = {
			isa = XCConfigurationList;
			buildConfigurations = (
				F2EAF32A2735DF18000855B9 /* Debug */,
				F2EAF32B2735DF18000855B9 /* Release */,
			);
			defaultConfigurationIsVisible = 0;
			defaultConfigurationName = Release;
		};
		F2EAF32C2735DF18000855B9 /* Build configuration list for PBXNativeTarget "MovieListUITests" */ = {
			isa = XCConfigurationList;
			buildConfigurations = (
				F2EAF32D2735DF18000855B9 /* Debug */,
				F2EAF32E2735DF18000855B9 /* Release */,
			);
			defaultConfigurationIsVisible = 0;
			defaultConfigurationName = Release;
		};
/* End XCConfigurationList section */
	};
	rootObject = F2EAF2F42735DF17000855B9 /* Project object */;
}
